// !$*UTF8*$!
{
	archiveVersion = 1;
	classes = {
	};
	objectVersion = 46;
	objects = {

/* Begin PBXBuildFile section */
		35EB7A7E6CB24E6DC9C75167 /* Pods_FirebaseChat.framework in Frameworks */ = {isa = PBXBuildFile; fileRef = B55FC71B11836E33F4AC60E8 /* Pods_FirebaseChat.framework */; };
		EF0B44BC1F63BEFF005DA4A9 /* LoginViewController.swift in Sources */ = {isa = PBXBuildFile; fileRef = EF0B44BB1F63BEFF005DA4A9 /* LoginViewController.swift */; };
		EF19FB821F63BC5A00301111 /* AppDelegate.swift in Sources */ = {isa = PBXBuildFile; fileRef = EF19FB811F63BC5A00301111 /* AppDelegate.swift */; };
		EF19FB871F63BC5A00301111 /* Main.storyboard in Resources */ = {isa = PBXBuildFile; fileRef = EF19FB851F63BC5A00301111 /* Main.storyboard */; };
		EF19FB8A1F63BC5A00301111 /* FirebaseChat.xcdatamodeld in Sources */ = {isa = PBXBuildFile; fileRef = EF19FB881F63BC5A00301111 /* FirebaseChat.xcdatamodeld */; };
		EF19FB8C1F63BC5A00301111 /* Assets.xcassets in Resources */ = {isa = PBXBuildFile; fileRef = EF19FB8B1F63BC5A00301111 /* Assets.xcassets */; };
		EF19FB8F1F63BC5A00301111 /* LaunchScreen.storyboard in Resources */ = {isa = PBXBuildFile; fileRef = EF19FB8D1F63BC5A00301111 /* LaunchScreen.storyboard */; };
		EF19FB971F63BC8000301111 /* HomeViewController.swift in Sources */ = {isa = PBXBuildFile; fileRef = EF19FB961F63BC8000301111 /* HomeViewController.swift */; };
		EF3BAB071F64055700DE870D /* GoogleService-Info.plist in Resources */ = {isa = PBXBuildFile; fileRef = EF3BAB061F63FE6D00DE870D /* GoogleService-Info.plist */; };
		EF3BAB0A1F6440B400DE870D /* Constants.swift in Sources */ = {isa = PBXBuildFile; fileRef = EF3BAB091F6440B400DE870D /* Constants.swift */; };
		EF665DD11F63C19900D2DCAD /* Extensions.swift in Sources */ = {isa = PBXBuildFile; fileRef = EF665DD01F63C19900D2DCAD /* Extensions.swift */; };
		EFD2185A1F63F7650070695B /* User.swift in Sources */ = {isa = PBXBuildFile; fileRef = EFD218591F63F7650070695B /* User.swift */; };
/* End PBXBuildFile section */

/* Begin PBXFileReference section */
		1214957AB90A45ADE2568BCF /* Pods-FirebaseChat.release.xcconfig */ = {isa = PBXFileReference; includeInIndex = 1; lastKnownFileType = text.xcconfig; name = "Pods-FirebaseChat.release.xcconfig"; path = "Pods/Target Support Files/Pods-FirebaseChat/Pods-FirebaseChat.release.xcconfig"; sourceTree = "<group>"; };
		B55FC71B11836E33F4AC60E8 /* Pods_FirebaseChat.framework */ = {isa = PBXFileReference; explicitFileType = wrapper.framework; includeInIndex = 0; path = Pods_FirebaseChat.framework; sourceTree = BUILT_PRODUCTS_DIR; };
		EF0B44BB1F63BEFF005DA4A9 /* LoginViewController.swift */ = {isa = PBXFileReference; lastKnownFileType = sourcecode.swift; path = LoginViewController.swift; sourceTree = "<group>"; };
		EF19FB7E1F63BC5A00301111 /* FirebaseChat.app */ = {isa = PBXFileReference; explicitFileType = wrapper.application; includeInIndex = 0; path = FirebaseChat.app; sourceTree = BUILT_PRODUCTS_DIR; };
		EF19FB811F63BC5A00301111 /* AppDelegate.swift */ = {isa = PBXFileReference; lastKnownFileType = sourcecode.swift; path = AppDelegate.swift; sourceTree = "<group>"; };
		EF19FB861F63BC5A00301111 /* Base */ = {isa = PBXFileReference; lastKnownFileType = file.storyboard; name = Base; path = Base.lproj/Main.storyboard; sourceTree = "<group>"; };
		EF19FB891F63BC5A00301111 /* FirebaseChat.xcdatamodel */ = {isa = PBXFileReference; lastKnownFileType = wrapper.xcdatamodel; path = FirebaseChat.xcdatamodel; sourceTree = "<group>"; };
		EF19FB8B1F63BC5A00301111 /* Assets.xcassets */ = {isa = PBXFileReference; lastKnownFileType = folder.assetcatalog; path = Assets.xcassets; sourceTree = "<group>"; };
		EF19FB8E1F63BC5A00301111 /* Base */ = {isa = PBXFileReference; lastKnownFileType = file.storyboard; name = Base; path = Base.lproj/LaunchScreen.storyboard; sourceTree = "<group>"; };
		EF19FB901F63BC5A00301111 /* Info.plist */ = {isa = PBXFileReference; lastKnownFileType = text.plist.xml; path = Info.plist; sourceTree = "<group>"; };
		EF19FB961F63BC8000301111 /* HomeViewController.swift */ = {isa = PBXFileReference; fileEncoding = 4; lastKnownFileType = sourcecode.swift; path = HomeViewController.swift; sourceTree = "<group>"; };
		EF3BAB061F63FE6D00DE870D /* GoogleService-Info.plist */ = {isa = PBXFileReference; lastKnownFileType = text.plist.xml; path = "GoogleService-Info.plist"; sourceTree = "<group>"; };
		EF3BAB091F6440B400DE870D /* Constants.swift */ = {isa = PBXFileReference; lastKnownFileType = sourcecode.swift; path = Constants.swift; sourceTree = "<group>"; };
		EF665DD01F63C19900D2DCAD /* Extensions.swift */ = {isa = PBXFileReference; lastKnownFileType = sourcecode.swift; path = Extensions.swift; sourceTree = "<group>"; };
		EFD218591F63F7650070695B /* User.swift */ = {isa = PBXFileReference; lastKnownFileType = sourcecode.swift; path = User.swift; sourceTree = "<group>"; };
		FFECCC0A04C30032CC83B5C9 /* Pods-FirebaseChat.debug.xcconfig */ = {isa = PBXFileReference; includeInIndex = 1; lastKnownFileType = text.xcconfig; name = "Pods-FirebaseChat.debug.xcconfig"; path = "Pods/Target Support Files/Pods-FirebaseChat/Pods-FirebaseChat.debug.xcconfig"; sourceTree = "<group>"; };
/* End PBXFileReference section */

/* Begin PBXFrameworksBuildPhase section */
		EF19FB7B1F63BC5900301111 /* Frameworks */ = {
			isa = PBXFrameworksBuildPhase;
			buildActionMask = 2147483647;
			files = (
				35EB7A7E6CB24E6DC9C75167 /* Pods_FirebaseChat.framework in Frameworks */,
			);
			runOnlyForDeploymentPostprocessing = 0;
		};
/* End PBXFrameworksBuildPhase section */

/* Begin PBXGroup section */
		71770619A6BC818C67CDF61E /* Pods */ = {
			isa = PBXGroup;
			children = (
				FFECCC0A04C30032CC83B5C9 /* Pods-FirebaseChat.debug.xcconfig */,
				1214957AB90A45ADE2568BCF /* Pods-FirebaseChat.release.xcconfig */,
			);
			name = Pods;
			sourceTree = "<group>";
		};
		CC9206800616A51137498327 /* Frameworks */ = {
			isa = PBXGroup;
			children = (
				B55FC71B11836E33F4AC60E8 /* Pods_FirebaseChat.framework */,
			);
			name = Frameworks;
			sourceTree = "<group>";
		};
		EF19FB751F63BC5900301111 = {
			isa = PBXGroup;
			children = (
				EF19FB801F63BC5A00301111 /* FirebaseChat */,
				EF19FB7F1F63BC5A00301111 /* Products */,
				71770619A6BC818C67CDF61E /* Pods */,
				CC9206800616A51137498327 /* Frameworks */,
			);
			sourceTree = "<group>";
		};
		EF19FB7F1F63BC5A00301111 /* Products */ = {
			isa = PBXGroup;
			children = (
				EF19FB7E1F63BC5A00301111 /* FirebaseChat.app */,
			);
			name = Products;
			sourceTree = "<group>";
		};
		EF19FB801F63BC5A00301111 /* FirebaseChat */ = {
			isa = PBXGroup;
			children = (
				EF3BAB081F6440A600DE870D /* Utilities */,
				EF19FB981F63BC8600301111 /* Application */,
				EF19FB991F63BC9100301111 /* Controllers */,
				EFD218581F63F7490070695B /* Models */,
				EF665DCF1F63C18B00D2DCAD /* Extensions */,
				EF19FB851F63BC5A00301111 /* Main.storyboard */,
				EF19FB8B1F63BC5A00301111 /* Assets.xcassets */,
				EF19FB8D1F63BC5A00301111 /* LaunchScreen.storyboard */,
				EF19FB9A1F63BCAA00301111 /* Supporting Files */,
				EF19FB881F63BC5A00301111 /* FirebaseChat.xcdatamodeld */,
			);
			path = FirebaseChat;
			sourceTree = "<group>";
		};
		EF19FB981F63BC8600301111 /* Application */ = {
			isa = PBXGroup;
			children = (
				EF19FB811F63BC5A00301111 /* AppDelegate.swift */,
			);
			name = Application;
			sourceTree = "<group>";
		};
		EF19FB991F63BC9100301111 /* Controllers */ = {
			isa = PBXGroup;
			children = (
				EF19FB961F63BC8000301111 /* HomeViewController.swift */,
				EF0B44BB1F63BEFF005DA4A9 /* LoginViewController.swift */,
			);
			name = Controllers;
			sourceTree = "<group>";
		};
		EF19FB9A1F63BCAA00301111 /* Supporting Files */ = {
			isa = PBXGroup;
			children = (
				EF3BAB061F63FE6D00DE870D /* GoogleService-Info.plist */,
				EF19FB901F63BC5A00301111 /* Info.plist */,
			);
			name = "Supporting Files";
			sourceTree = "<group>";
		};
		EF3BAB081F6440A600DE870D /* Utilities */ = {
			isa = PBXGroup;
			children = (
				EF3BAB091F6440B400DE870D /* Constants.swift */,
			);
			name = Utilities;
			sourceTree = "<group>";
		};
		EF665DCF1F63C18B00D2DCAD /* Extensions */ = {
			isa = PBXGroup;
			children = (
				EF665DD01F63C19900D2DCAD /* Extensions.swift */,
			);
			name = Extensions;
			sourceTree = "<group>";
		};
		EFD218581F63F7490070695B /* Models */ = {
			isa = PBXGroup;
			children = (
				EFD218591F63F7650070695B /* User.swift */,
			);
			name = Models;
			sourceTree = "<group>";
		};
/* End PBXGroup section */

/* Begin PBXNativeTarget section */
		EF19FB7D1F63BC5900301111 /* FirebaseChat */ = {
			isa = PBXNativeTarget;
			buildConfigurationList = EF19FB931F63BC5A00301111 /* Build configuration list for PBXNativeTarget "FirebaseChat" */;
			buildPhases = (
				33537BC68876DE64C6A0756D /* [CP] Check Pods Manifest.lock */,
				EF19FB7A1F63BC5900301111 /* Sources */,
				EF19FB7B1F63BC5900301111 /* Frameworks */,
				EF19FB7C1F63BC5900301111 /* Resources */,
				1CF155B7F200B2492F698A71 /* [CP] Embed Pods Frameworks */,
				BF3E3404C3F7EDA16414CC05 /* [CP] Copy Pods Resources */,
			);
			buildRules = (
			);
			dependencies = (
			);
			name = FirebaseChat;
			productName = FirebaseChat;
			productReference = EF19FB7E1F63BC5A00301111 /* FirebaseChat.app */;
			productType = "com.apple.product-type.application";
		};
/* End PBXNativeTarget section */

/* Begin PBXProject section */
		EF19FB761F63BC5900301111 /* Project object */ = {
			isa = PBXProject;
			attributes = {
				LastSwiftUpdateCheck = 0830;
				LastUpgradeCheck = 0830;
				ORGANIZATIONNAME = Cabot;
				TargetAttributes = {
					EF19FB7D1F63BC5900301111 = {
						CreatedOnToolsVersion = 8.3.1;
						DevelopmentTeam = DBD2DBFKN6;
						ProvisioningStyle = Automatic;
					};
				};
			};
			buildConfigurationList = EF19FB791F63BC5900301111 /* Build configuration list for PBXProject "FirebaseChat" */;
			compatibilityVersion = "Xcode 3.2";
			developmentRegion = English;
			hasScannedForEncodings = 0;
			knownRegions = (
				en,
				Base,
			);
			mainGroup = EF19FB751F63BC5900301111;
			productRefGroup = EF19FB7F1F63BC5A00301111 /* Products */;
			projectDirPath = "";
			projectRoot = "";
			targets = (
				EF19FB7D1F63BC5900301111 /* FirebaseChat */,
			);
		};
/* End PBXProject section */

/* Begin PBXResourcesBuildPhase section */
		EF19FB7C1F63BC5900301111 /* Resources */ = {
			isa = PBXResourcesBuildPhase;
			buildActionMask = 2147483647;
			files = (
				EF19FB8F1F63BC5A00301111 /* LaunchScreen.storyboard in Resources */,
				EF3BAB071F64055700DE870D /* GoogleService-Info.plist in Resources */,
				EF19FB8C1F63BC5A00301111 /* Assets.xcassets in Resources */,
				EF19FB871F63BC5A00301111 /* Main.storyboard in Resources */,
			);
			runOnlyForDeploymentPostprocessing = 0;
		};
/* End PBXResourcesBuildPhase section */

/* Begin PBXShellScriptBuildPhase section */
		1CF155B7F200B2492F698A71 /* [CP] Embed Pods Frameworks */ = {
			isa = PBXShellScriptBuildPhase;
			buildActionMask = 2147483647;
			files = (
			);
			inputPaths = (
			);
			name = "[CP] Embed Pods Frameworks";
			outputPaths = (
			);
			runOnlyForDeploymentPostprocessing = 0;
			shellPath = /bin/sh;
			shellScript = "\"${SRCROOT}/Pods/Target Support Files/Pods-FirebaseChat/Pods-FirebaseChat-frameworks.sh\"\n";
			showEnvVarsInLog = 0;
		};
		33537BC68876DE64C6A0756D /* [CP] Check Pods Manifest.lock */ = {
			isa = PBXShellScriptBuildPhase;
			buildActionMask = 2147483647;
			files = (
			);
			inputPaths = (
			);
			name = "[CP] Check Pods Manifest.lock";
			outputPaths = (
			);
			runOnlyForDeploymentPostprocessing = 0;
			shellPath = /bin/sh;
			shellScript = "diff \"${PODS_PODFILE_DIR_PATH}/Podfile.lock\" \"${PODS_ROOT}/Manifest.lock\" > /dev/null\nif [ $? != 0 ] ; then\n    # print error to STDERR\n    echo \"error: The sandbox is not in sync with the Podfile.lock. Run 'pod install' or update your CocoaPods installation.\" >&2\n    exit 1\nfi\n";
			showEnvVarsInLog = 0;
		};
		BF3E3404C3F7EDA16414CC05 /* [CP] Copy Pods Resources */ = {
			isa = PBXShellScriptBuildPhase;
			buildActionMask = 2147483647;
			files = (
			);
			inputPaths = (
			);
			name = "[CP] Copy Pods Resources";
			outputPaths = (
			);
			runOnlyForDeploymentPostprocessing = 0;
			shellPath = /bin/sh;
			shellScript = "\"${SRCROOT}/Pods/Target Support Files/Pods-FirebaseChat/Pods-FirebaseChat-resources.sh\"\n";
			showEnvVarsInLog = 0;
		};
/* End PBXShellScriptBuildPhase section */

/* Begin PBXSourcesBuildPhase section */
		EF19FB7A1F63BC5900301111 /* Sources */ = {
			isa = PBXSourcesBuildPhase;
			buildActionMask = 2147483647;
			files = (
				EF665DD11F63C19900D2DCAD /* Extensions.swift in Sources */,
				EF0B44BC1F63BEFF005DA4A9 /* LoginViewController.swift in Sources */,
				EFD2185A1F63F7650070695B /* User.swift in Sources */,
				EF19FB971F63BC8000301111 /* HomeViewController.swift in Sources */,
				EF3BAB0A1F6440B400DE870D /* Constants.swift in Sources */,
				EF19FB821F63BC5A00301111 /* AppDelegate.swift in Sources */,
				EF19FB8A1F63BC5A00301111 /* FirebaseChat.xcdatamodeld in Sources */,
			);
			runOnlyForDeploymentPostprocessing = 0;
		};
/* End PBXSourcesBuildPhase section */

/* Begin PBXVariantGroup section */
		EF19FB851F63BC5A00301111 /* Main.storyboard */ = {
			isa = PBXVariantGroup;
			children = (
				EF19FB861F63BC5A00301111 /* Base */,
			);
			name = Main.storyboard;
			sourceTree = "<group>";
		};
		EF19FB8D1F63BC5A00301111 /* LaunchScreen.storyboard */ = {
			isa = PBXVariantGroup;
			children = (
				EF19FB8E1F63BC5A00301111 /* Base */,
			);
			name = LaunchScreen.storyboard;
			sourceTree = "<group>";
		};
/* End PBXVariantGroup section */

/* Begin XCBuildConfiguration section */
		EF19FB911F63BC5A00301111 /* Debug */ = {
			isa = XCBuildConfiguration;
			buildSettings = {
				ALWAYS_SEARCH_USER_PATHS = NO;
				CLANG_ANALYZER_NONNULL = YES;
				CLANG_ANALYZER_NUMBER_OBJECT_CONVERSION = YES_AGGRESSIVE;
				CLANG_CXX_LANGUAGE_STANDARD = "gnu++0x";
				CLANG_CXX_LIBRARY = "libc++";
				CLANG_ENABLE_MODULES = YES;
				CLANG_ENABLE_OBJC_ARC = YES;
				CLANG_WARN_BOOL_CONVERSION = YES;
				CLANG_WARN_CONSTANT_CONVERSION = YES;
				CLANG_WARN_DIRECT_OBJC_ISA_USAGE = YES_ERROR;
				CLANG_WARN_DOCUMENTATION_COMMENTS = YES;
				CLANG_WARN_EMPTY_BODY = YES;
				CLANG_WARN_ENUM_CONVERSION = YES;
				CLANG_WARN_INFINITE_RECURSION = YES;
				CLANG_WARN_INT_CONVERSION = YES;
				CLANG_WARN_OBJC_ROOT_CLASS = YES_ERROR;
				CLANG_WARN_SUSPICIOUS_MOVE = YES;
				CLANG_WARN_UNREACHABLE_CODE = YES;
				CLANG_WARN__DUPLICATE_METHOD_MATCH = YES;
				"CODE_SIGN_IDENTITY[sdk=iphoneos*]" = "iPhone Developer";
				COPY_PHASE_STRIP = NO;
				DEBUG_INFORMATION_FORMAT = dwarf;
				ENABLE_STRICT_OBJC_MSGSEND = YES;
				ENABLE_TESTABILITY = YES;
				GCC_C_LANGUAGE_STANDARD = gnu99;
				GCC_DYNAMIC_NO_PIC = NO;
				GCC_NO_COMMON_BLOCKS = YES;
				GCC_OPTIMIZATION_LEVEL = 0;
				GCC_PREPROCESSOR_DEFINITIONS = (
					"DEBUG=1",
					"$(inherited)",
				);
				GCC_WARN_64_TO_32_BIT_CONVERSION = YES;
				GCC_WARN_ABOUT_RETURN_TYPE = YES_ERROR;
				GCC_WARN_UNDECLARED_SELECTOR = YES;
				GCC_WARN_UNINITIALIZED_AUTOS = YES_AGGRESSIVE;
				GCC_WARN_UNUSED_FUNCTION = YES;
				GCC_WARN_UNUSED_VARIABLE = YES;
				IPHONEOS_DEPLOYMENT_TARGET = 10.3;
				MTL_ENABLE_DEBUG_INFO = YES;
				ONLY_ACTIVE_ARCH = YES;
				SDKROOT = iphoneos;
				SWIFT_ACTIVE_COMPILATION_CONDITIONS = DEBUG;
				SWIFT_OPTIMIZATION_LEVEL = "-Onone";
			};
			name = Debug;
		};
		EF19FB921F63BC5A00301111 /* Release */ = {
			isa = XCBuildConfiguration;
			buildSettings = {
				ALWAYS_SEARCH_USER_PATHS = NO;
				CLANG_ANALYZER_NONNULL = YES;
				CLANG_ANALYZER_NUMBER_OBJECT_CONVERSION = YES_AGGRESSIVE;
				CLANG_CXX_LANGUAGE_STANDARD = "gnu++0x";
				CLANG_CXX_LIBRARY = "libc++";
				CLANG_ENABLE_MODULES = YES;
				CLANG_ENABLE_OBJC_ARC = YES;
				CLANG_WARN_BOOL_CONVERSION = YES;
				CLANG_WARN_CONSTANT_CONVERSION = YES;
				CLANG_WARN_DIRECT_OBJC_ISA_USAGE = YES_ERROR;
				CLANG_WARN_DOCUMENTATION_COMMENTS = YES;
				CLANG_WARN_EMPTY_BODY = YES;
				CLANG_WARN_ENUM_CONVERSION = YES;
				CLANG_WARN_INFINITE_RECURSION = YES;
				CLANG_WARN_INT_CONVERSION = YES;
				CLANG_WARN_OBJC_ROOT_CLASS = YES_ERROR;
				CLANG_WARN_SUSPICIOUS_MOVE = YES;
				CLANG_WARN_UNREACHABLE_CODE = YES;
				CLANG_WARN__DUPLICATE_METHOD_MATCH = YES;
				"CODE_SIGN_IDENTITY[sdk=iphoneos*]" = "iPhone Developer";
				COPY_PHASE_STRIP = NO;
				DEBUG_INFORMATION_FORMAT = "dwarf-with-dsym";
				ENABLE_NS_ASSERTIONS = NO;
				ENABLE_STRICT_OBJC_MSGSEND = YES;
				GCC_C_LANGUAGE_STANDARD = gnu99;
				GCC_NO_COMMON_BLOCKS = YES;
				GCC_WARN_64_TO_32_BIT_CONVERSION = YES;
				GCC_WARN_ABOUT_RETURN_TYPE = YES_ERROR;
				GCC_WARN_UNDECLARED_SELECTOR = YES;
				GCC_WARN_UNINITIALIZED_AUTOS = YES_AGGRESSIVE;
				GCC_WARN_UNUSED_FUNCTION = YES;
				GCC_WARN_UNUSED_VARIABLE = YES;
				IPHONEOS_DEPLOYMENT_TARGET = 10.3;
				MTL_ENABLE_DEBUG_INFO = NO;
				SDKROOT = iphoneos;
				SWIFT_OPTIMIZATION_LEVEL = "-Owholemodule";
				VALIDATE_PRODUCT = YES;
			};
			name = Release;
		};
		EF19FB941F63BC5A00301111 /* Debug */ = {
			isa = XCBuildConfiguration;
			baseConfigurationReference = FFECCC0A04C30032CC83B5C9 /* Pods-FirebaseChat.debug.xcconfig */;
			buildSettings = {
				ASSETCATALOG_COMPILER_APPICON_NAME = AppIcon;
				DEVELOPMENT_TEAM = DBD2DBFKN6;
				INFOPLIST_FILE = FirebaseChat/Info.plist;
				LD_RUNPATH_SEARCH_PATHS = "$(inherited) @executable_path/Frameworks";
				PRODUCT_BUNDLE_IDENTIFIER = denmathew.FirebaseChat;
				PRODUCT_NAME = "$(TARGET_NAME)";
				SWIFT_VERSION = 3.0;
			};
			name = Debug;
		};
		EF19FB951F63BC5A00301111 /* Release */ = {
			isa = XCBuildConfiguration;
			baseConfigurationReference = 1214957AB90A45ADE2568BCF /* Pods-FirebaseChat.release.xcconfig */;
			buildSettings = {
				ASSETCATALOG_COMPILER_APPICON_NAME = AppIcon;
				DEVELOPMENT_TEAM = DBD2DBFKN6;
				INFOPLIST_FILE = FirebaseChat/Info.plist;
				LD_RUNPATH_SEARCH_PATHS = "$(inherited) @executable_path/Frameworks";
				PRODUCT_BUNDLE_IDENTIFIER = denmathew.FirebaseChat;
				PRODUCT_NAME = "$(TARGET_NAME)";
				SWIFT_VERSION = 3.0;
			};
			name = Release;
		};
/* End XCBuildConfiguration section */

/* Begin XCConfigurationList section */
		EF19FB791F63BC5900301111 /* Build configuration list for PBXProject "FirebaseChat" */ = {
			isa = XCConfigurationList;
			buildConfigurations = (
				EF19FB911F63BC5A00301111 /* Debug */,
				EF19FB921F63BC5A00301111 /* Release */,
			);
			defaultConfigurationIsVisible = 0;
			defaultConfigurationName = Release;
		};
		EF19FB931F63BC5A00301111 /* Build configuration list for PBXNativeTarget "FirebaseChat" */ = {
			isa = XCConfigurationList;
			buildConfigurations = (
				EF19FB941F63BC5A00301111 /* Debug */,
				EF19FB951F63BC5A00301111 /* Release */,
			);
			defaultConfigurationIsVisible = 0;
			defaultConfigurationName = Release;
		};
/* End XCConfigurationList section */

/* Begin XCVersionGroup section */
		EF19FB881F63BC5A00301111 /* FirebaseChat.xcdatamodeld */ = {
			isa = XCVersionGroup;
			children = (
				EF19FB891F63BC5A00301111 /* FirebaseChat.xcdatamodel */,
			);
			currentVersion = EF19FB891F63BC5A00301111 /* FirebaseChat.xcdatamodel */;
			path = FirebaseChat.xcdatamodeld;
			sourceTree = "<group>";
			versionGroupType = wrapper.xcdatamodel;
		};
/* End XCVersionGroup section */
	};
	rootObject = EF19FB761F63BC5900301111 /* Project object */;
}
